
Microsoft Visual Studio Solution File, Format Version 12.00
# Visual Studio Version 17
VisualStudioVersion = 17.6.33723.286
MinimumVisualStudioVersion = 10.0.40219.1
Project("{FAE04EC0-301F-11D3-BF4B-00C04F79EFBC}") = "toDoListApp", "toDoListApp\toDoListApp.csproj", "{9691C927-B326-40E6-956F-18FBA484EC32}"
EndProject
Global
	GlobalSection(SolutionConfigurationPlatforms) = preSolution
		Debug|Any CPU = Debug|Any CPU
		Release|Any CPU = Release|Any CPU
	EndGlobalSection
	GlobalSection(ProjectConfigurationPlatforms) = postSolution
		{9691C927-B326-40E6-956F-18FBA484EC32}.Debug|Any CPU.ActiveCfg = Debug|Any CPU
		{9691C927-B326-40E6-956F-18FBA484EC32}.Debug|Any CPU.Build.0 = Debug|Any CPU
		{9691C927-B326-40E6-956F-18FBA484EC32}.Release|Any CPU.ActiveCfg = Release|Any CPU
		{9691C927-B326-40E6-956F-18FBA484EC32}.Release|Any CPU.Build.0 = Release|Any CPU
	EndGlobalSection
	GlobalSection(SolutionProperties) = preSolution
		HideSolutionNode = FALSE
	EndGlobalSection
	GlobalSection(ExtensibilityGlobals) = postSolution
		SolutionGuid = {C8EF7E13-5137-40D9-9A0B-F96CB0BEB710}
	EndGlobalSection
EndGlobal
