
Microsoft Visual Studio Solution File, Format Version 12.00
# Visual Studio Version 17
VisualStudioVersion = 17.6.33801.468
MinimumVisualStudioVersion = 10.0.40219.1
Project("{F2A71F9B-5D33-465A-A702-920D77279786}") = "AttendanceApp", "AttendanceApp\AttendanceApp.fsproj", "{5BF6BDAD-AFE3-48E7-AA34-F443A8BA078A}"
EndProject
Global
	GlobalSection(SolutionConfigurationPlatforms) = preSolution
		Debug|Any CPU = Debug|Any CPU
		Release|Any CPU = Release|Any CPU
	EndGlobalSection
	GlobalSection(ProjectConfigurationPlatforms) = postSolution
		{5BF6BDAD-AFE3-48E7-AA34-F443A8BA078A}.Debug|Any CPU.ActiveCfg = Debug|Any CPU
		{5BF6BDAD-AFE3-48E7-AA34-F443A8BA078A}.Debug|Any CPU.Build.0 = Debug|Any CPU
		{5BF6BDAD-AFE3-48E7-AA34-F443A8BA078A}.Release|Any CPU.ActiveCfg = Release|Any CPU
		{5BF6BDAD-AFE3-48E7-AA34-F443A8BA078A}.Release|Any CPU.Build.0 = Release|Any CPU
	EndGlobalSection
	GlobalSection(SolutionProperties) = preSolution
		HideSolutionNode = FALSE
	EndGlobalSection
	GlobalSection(ExtensibilityGlobals) = postSolution
		SolutionGuid = {8ED8BB99-DDD1-4AC5-92D7-2F7B0FB3B1D3}
	EndGlobalSection
EndGlobal
